
Microsoft Visual Studio Solution File, Format Version 12.00
# Visual Studio Version 16
VisualStudioVersion = 16.0.30621.155
MinimumVisualStudioVersion = 10.0.40219.1
Project("{9A19103F-16F7-4668-BE54-9A1E7A4F7556}") = "SchedulingSystemForELSO", "SchedulingSystemForELSO\SchedulingSystemForELSO.csproj", "{2014F5A7-AD68-464C-8410-E8B995C36E63}"
EndProject
Global
	GlobalSection(SolutionConfigurationPlatforms) = preSolution
		Debug|Any CPU = Debug|Any CPU
		Release|Any CPU = Release|Any CPU
	EndGlobalSection
	GlobalSection(ProjectConfigurationPlatforms) = postSolution
		{2014F5A7-AD68-464C-8410-E8B995C36E63}.Debug|Any CPU.ActiveCfg = Debug|Any CPU
		{2014F5A7-AD68-464C-8410-E8B995C36E63}.Debug|Any CPU.Build.0 = Debug|Any CPU
		{2014F5A7-AD68-464C-8410-E8B995C36E63}.Release|Any CPU.ActiveCfg = Release|Any CPU
		{2014F5A7-AD68-464C-8410-E8B995C36E63}.Release|Any CPU.Build.0 = Release|Any CPU
	EndGlobalSection
	GlobalSection(SolutionProperties) = preSolution
		HideSolutionNode = FALSE
	EndGlobalSection
	GlobalSection(ExtensibilityGlobals) = postSolution
		SolutionGuid = {FD4765ED-50A6-48E8-A696-4A57129E29F3}
	EndGlobalSection
EndGlobal
